
Microsoft Visual Studio Solution File, Format Version 12.00
# Visual Studio Version 17
VisualStudioVersion = 17.1.32328.378
MinimumVisualStudioVersion = 10.0.40219.1
Project("{FAE04EC0-301F-11D3-BF4B-00C04F79EFBC}") = "FoodReceipt", "FoodReceipt\FoodReceipt.csproj", "{19C8D6A4-98D8-493C-8C9D-E0DB3F7C581B}"
EndProject
Global
	GlobalSection(SolutionConfigurationPlatforms) = preSolution
		Debug|Any CPU = Debug|Any CPU
		Release|Any CPU = Release|Any CPU
	EndGlobalSection
	GlobalSection(ProjectConfigurationPlatforms) = postSolution
		{19C8D6A4-98D8-493C-8C9D-E0DB3F7C581B}.Debug|Any CPU.ActiveCfg = Debug|Any CPU
		{19C8D6A4-98D8-493C-8C9D-E0DB3F7C581B}.Debug|Any CPU.Build.0 = Debug|Any CPU
		{19C8D6A4-98D8-493C-8C9D-E0DB3F7C581B}.Release|Any CPU.ActiveCfg = Release|Any CPU
		{19C8D6A4-98D8-493C-8C9D-E0DB3F7C581B}.Release|Any CPU.Build.0 = Release|Any CPU
	EndGlobalSection
	GlobalSection(SolutionProperties) = preSolution
		HideSolutionNode = FALSE
	EndGlobalSection
	GlobalSection(ExtensibilityGlobals) = postSolution
		SolutionGuid = {80B68331-CC62-4B21-9F6F-9486605FF18D}
	EndGlobalSection
EndGlobal
